
Microsoft Visual Studio Solution File, Format Version 12.00
# Visual Studio Version 16
VisualStudioVersion = 16.0.29503.13
MinimumVisualStudioVersion = 10.0.40219.1
Project("{FAE04EC0-301F-11D3-BF4B-00C04F79EFBC}") = "TheBears", "TheBears\TheBears.csproj", "{2D4A45BF-3215-406A-9B00-573038302F03}"
EndProject
Global
	GlobalSection(SolutionConfigurationPlatforms) = preSolution
		Debug|Any CPU = Debug|Any CPU
		Release|Any CPU = Release|Any CPU
	EndGlobalSection
	GlobalSection(ProjectConfigurationPlatforms) = postSolution
		{2D4A45BF-3215-406A-9B00-573038302F03}.Debug|Any CPU.ActiveCfg = Debug|Any CPU
		{2D4A45BF-3215-406A-9B00-573038302F03}.Debug|Any CPU.Build.0 = Debug|Any CPU
		{2D4A45BF-3215-406A-9B00-573038302F03}.Release|Any CPU.ActiveCfg = Release|Any CPU
		{2D4A45BF-3215-406A-9B00-573038302F03}.Release|Any CPU.Build.0 = Release|Any CPU
	EndGlobalSection
	GlobalSection(SolutionProperties) = preSolution
		HideSolutionNode = FALSE
	EndGlobalSection
	GlobalSection(ExtensibilityGlobals) = postSolution
		SolutionGuid = {451170CF-0AB7-4CDA-9289-94FD9C8399F5}
	EndGlobalSection
EndGlobal
